
Microsoft Visual Studio Solution File, Format Version 12.00
# Visual Studio Version 16
VisualStudioVersion = 16.0.34601.136
MinimumVisualStudioVersion = 10.0.40219.1
Project("{FAE04EC0-301F-11D3-BF4B-00C04F79EFBC}") = "QLDienHoa03", "QLDienHoa03.csproj", "{7A43CADB-5553-4F40-9C3A-9ABD0AC81772}"
EndProject
Global
	GlobalSection(SolutionConfigurationPlatforms) = preSolution
		Debug|Any CPU = Debug|Any CPU
		Release|Any CPU = Release|Any CPU
	EndGlobalSection
	GlobalSection(ProjectConfigurationPlatforms) = postSolution
		{7A43CADB-5553-4F40-9C3A-9ABD0AC81772}.Debug|Any CPU.ActiveCfg = Debug|Any CPU
		{7A43CADB-5553-4F40-9C3A-9ABD0AC81772}.Debug|Any CPU.Build.0 = Debug|Any CPU
		{7A43CADB-5553-4F40-9C3A-9ABD0AC81772}.Release|Any CPU.ActiveCfg = Release|Any CPU
		{7A43CADB-5553-4F40-9C3A-9ABD0AC81772}.Release|Any CPU.Build.0 = Release|Any CPU
	EndGlobalSection
	GlobalSection(SolutionProperties) = preSolution
		HideSolutionNode = FALSE
	EndGlobalSection
	GlobalSection(ExtensibilityGlobals) = postSolution
		SolutionGuid = {A2CD0200-3CA7-4265-89DB-F75EBBF8D5D4}
	EndGlobalSection
EndGlobal
